
Microsoft Visual Studio Solution File, Format Version 12.00
# Visual Studio 15
VisualStudioVersion = 15.0.28307.489
MinimumVisualStudioVersion = 10.0.40219.1
Project("{9A19103F-16F7-4668-BE54-9A1E7A4F7556}") = "NTRPRS.NLog.Slack", "src\NTRPRS.NLog.Slack\NTRPRS.NLog.Slack.csproj", "{F6ED08F6-DF1F-40C2-AA99-C8A579DE4F49}"
EndProject
Project("{9A19103F-16F7-4668-BE54-9A1E7A4F7556}") = "NTRPRS.NLog.Slack.Tests", "tests\NTRPRS.NLog.Slack.Tests\NTRPRS.NLog.Slack.Tests.csproj", "{0C6E0807-3613-4B9F-BD29-02E512B2FDF6}"
EndProject
Global
	GlobalSection(SolutionConfigurationPlatforms) = preSolution
		Debug|Any CPU = Debug|Any CPU
		Release|Any CPU = Release|Any CPU
	EndGlobalSection
	GlobalSection(ProjectConfigurationPlatforms) = postSolution
		{F6ED08F6-DF1F-40C2-AA99-C8A579DE4F49}.Debug|Any CPU.ActiveCfg = Debug|Any CPU
		{F6ED08F6-DF1F-40C2-AA99-C8A579DE4F49}.Debug|Any CPU.Build.0 = Debug|Any CPU
		{F6ED08F6-DF1F-40C2-AA99-C8A579DE4F49}.Release|Any CPU.ActiveCfg = Release|Any CPU
		{F6ED08F6-DF1F-40C2-AA99-C8A579DE4F49}.Release|Any CPU.Build.0 = Release|Any CPU
		{0C6E0807-3613-4B9F-BD29-02E512B2FDF6}.Debug|Any CPU.ActiveCfg = Debug|Any CPU
		{0C6E0807-3613-4B9F-BD29-02E512B2FDF6}.Debug|Any CPU.Build.0 = Debug|Any CPU
		{0C6E0807-3613-4B9F-BD29-02E512B2FDF6}.Release|Any CPU.ActiveCfg = Release|Any CPU
		{0C6E0807-3613-4B9F-BD29-02E512B2FDF6}.Release|Any CPU.Build.0 = Release|Any CPU
	EndGlobalSection
	GlobalSection(SolutionProperties) = preSolution
		HideSolutionNode = FALSE
	EndGlobalSection
	GlobalSection(ExtensibilityGlobals) = postSolution
		SolutionGuid = {DB4F6689-B04B-46DA-9B4A-488E62DFBD9C}
	EndGlobalSection
EndGlobal
